
Microsoft Visual Studio Solution File, Format Version 12.00
# Visual Studio 2012
VisualStudioVersion = 12.0.31101.0
MinimumVisualStudioVersion = 10.0.40219.1
Project("{FAE04EC0-301F-11D3-BF4B-00C04F79EFBC}") = "CameraApplication", "CameraApplication\CameraApplication\CameraApplication.csproj", "{0D2C6B7C-58D7-458C-B3E5-92708C3549BF}"
EndProject
Project("{FAE04EC0-301F-11D3-BF4B-00C04F79EFBC}") = "CameraApplication.iOS", "CameraApplication\CameraApplication.iOS\CameraApplication.iOS.csproj", "{B2B2F0C9-E427-40E9-AFC0-2E052AAA1181}"
EndProject
Project("{FAE04EC0-301F-11D3-BF4B-00C04F79EFBC}") = "CameraApplication.Droid", "CameraApplication\CameraApplication.Droid\CameraApplication.Droid.csproj", "{CC4D036D-F933-4124-8828-C8E72E3218A4}"
EndProject
Project("{FAE04EC0-301F-11D3-BF4B-00C04F79EFBC}") = "CameraApplication.WinPhone", "CameraApplication\CameraApplication.WinPhone\CameraApplication.WinPhone.csproj", "{232933E5-DC68-404D-83F1-519B42D3865B}"
EndProject
Global
	GlobalSection(SolutionConfigurationPlatforms) = preSolution
		Ad-Hoc|Any CPU = Ad-Hoc|Any CPU
		Ad-Hoc|ARM = Ad-Hoc|ARM
		Ad-Hoc|iPhone = Ad-Hoc|iPhone
		Ad-Hoc|iPhoneSimulator = Ad-Hoc|iPhoneSimulator
		Ad-Hoc|Mixed Platforms = Ad-Hoc|Mixed Platforms
		Ad-Hoc|x86 = Ad-Hoc|x86
		AppStore|Any CPU = AppStore|Any CPU
		AppStore|ARM = AppStore|ARM
		AppStore|iPhone = AppStore|iPhone
		AppStore|iPhoneSimulator = AppStore|iPhoneSimulator
		AppStore|Mixed Platforms = AppStore|Mixed Platforms
		AppStore|x86 = AppStore|x86
		Debug|Any CPU = Debug|Any CPU
		Debug|ARM = Debug|ARM
		Debug|iPhone = Debug|iPhone
		Debug|iPhoneSimulator = Debug|iPhoneSimulator
		Debug|Mixed Platforms = Debug|Mixed Platforms
		Debug|x86 = Debug|x86
		Release|Any CPU = Release|Any CPU
		Release|ARM = Release|ARM
		Release|iPhone = Release|iPhone
		Release|iPhoneSimulator = Release|iPhoneSimulator
		Release|Mixed Platforms = Release|Mixed Platforms
		Release|x86 = Release|x86
	EndGlobalSection
	GlobalSection(ProjectConfigurationPlatforms) = postSolution
		{0D2C6B7C-58D7-458C-B3E5-92708C3549BF}.Ad-Hoc|Any CPU.ActiveCfg = Release|Any CPU
		{0D2C6B7C-58D7-458C-B3E5-92708C3549BF}.Ad-Hoc|Any CPU.Build.0 = Release|Any CPU
		{0D2C6B7C-58D7-458C-B3E5-92708C3549BF}.Ad-Hoc|ARM.ActiveCfg = Release|Any CPU
		{0D2C6B7C-58D7-458C-B3E5-92708C3549BF}.Ad-Hoc|iPhone.ActiveCfg = Release|Any CPU
		{0D2C6B7C-58D7-458C-B3E5-92708C3549BF}.Ad-Hoc|iPhoneSimulator.ActiveCfg = Release|Any CPU
		{0D2C6B7C-58D7-458C-B3E5-92708C3549BF}.Ad-Hoc|Mixed Platforms.ActiveCfg = Release|Any CPU
		{0D2C6B7C-58D7-458C-B3E5-92708C3549BF}.Ad-Hoc|Mixed Platforms.Build.0 = Release|Any CPU
		{0D2C6B7C-58D7-458C-B3E5-92708C3549BF}.Ad-Hoc|x86.ActiveCfg = Release|Any CPU
		{0D2C6B7C-58D7-458C-B3E5-92708C3549BF}.AppStore|Any CPU.ActiveCfg = Release|Any CPU
		{0D2C6B7C-58D7-458C-B3E5-92708C3549BF}.AppStore|Any CPU.Build.0 = Release|Any CPU
		{0D2C6B7C-58D7-458C-B3E5-92708C3549BF}.AppStore|ARM.ActiveCfg = Release|Any CPU
		{0D2C6B7C-58D7-458C-B3E5-92708C3549BF}.AppStore|iPhone.ActiveCfg = Release|Any CPU
		{0D2C6B7C-58D7-458C-B3E5-92708C3549BF}.AppStore|iPhoneSimulator.ActiveCfg = Release|Any CPU
		{0D2C6B7C-58D7-458C-B3E5-92708C3549BF}.AppStore|Mixed Platforms.ActiveCfg = Release|Any CPU
		{0D2C6B7C-58D7-458C-B3E5-92708C3549BF}.AppStore|Mixed Platforms.Build.0 = Release|Any CPU
		{0D2C6B7C-58D7-458C-B3E5-92708C3549BF}.AppStore|x86.ActiveCfg = Release|Any CPU
		{0D2C6B7C-58D7-458C-B3E5-92708C3549BF}.Debug|Any CPU.ActiveCfg = Debug|Any CPU
		{0D2C6B7C-58D7-458C-B3E5-92708C3549BF}.Debug|Any CPU.Build.0 = Debug|Any CPU
		{0D2C6B7C-58D7-458C-B3E5-92708C3549BF}.Debug|ARM.ActiveCfg = Debug|Any CPU
		{0D2C6B7C-58D7-458C-B3E5-92708C3549BF}.Debug|iPhone.ActiveCfg = Debug|Any CPU
		{0D2C6B7C-58D7-458C-B3E5-92708C3549BF}.Debug|iPhoneSimulator.ActiveCfg = Debug|Any CPU
		{0D2C6B7C-58D7-458C-B3E5-92708C3549BF}.Debug|Mixed Platforms.ActiveCfg = Debug|Any CPU
		{0D2C6B7C-58D7-458C-B3E5-92708C3549BF}.Debug|Mixed Platforms.Build.0 = Debug|Any CPU
		{0D2C6B7C-58D7-458C-B3E5-92708C3549BF}.Debug|x86.ActiveCfg = Debug|Any CPU
		{0D2C6B7C-58D7-458C-B3E5-92708C3549BF}.Release|Any CPU.ActiveCfg = Release|Any CPU
		{0D2C6B7C-58D7-458C-B3E5-92708C3549BF}.Release|Any CPU.Build.0 = Release|Any CPU
		{0D2C6B7C-58D7-458C-B3E5-92708C3549BF}.Release|ARM.ActiveCfg = Release|Any CPU
		{0D2C6B7C-58D7-458C-B3E5-92708C3549BF}.Release|iPhone.ActiveCfg = Release|Any CPU
		{0D2C6B7C-58D7-458C-B3E5-92708C3549BF}.Release|iPhoneSimulator.ActiveCfg = Release|Any CPU
		{0D2C6B7C-58D7-458C-B3E5-92708C3549BF}.Release|Mixed Platforms.ActiveCfg = Release|Any CPU
		{0D2C6B7C-58D7-458C-B3E5-92708C3549BF}.Release|Mixed Platforms.Build.0 = Release|Any CPU
		{0D2C6B7C-58D7-458C-B3E5-92708C3549BF}.Release|x86.ActiveCfg = Release|Any CPU
		{232933E5-DC68-404D-83F1-519B42D3865B}.Ad-Hoc|Any CPU.ActiveCfg = Release|Any CPU
		{232933E5-DC68-404D-83F1-519B42D3865B}.Ad-Hoc|Any CPU.Build.0 = Release|Any CPU
		{232933E5-DC68-404D-83F1-519B42D3865B}.Ad-Hoc|Any CPU.Deploy.0 = Release|Any CPU
		{232933E5-DC68-404D-83F1-519B42D3865B}.Ad-Hoc|ARM.ActiveCfg = Release|ARM
		{232933E5-DC68-404D-83F1-519B42D3865B}.Ad-Hoc|ARM.Build.0 = Release|ARM
		{232933E5-DC68-404D-83F1-519B42D3865B}.Ad-Hoc|ARM.Deploy.0 = Release|ARM
		{232933E5-DC68-404D-83F1-519B42D3865B}.Ad-Hoc|iPhone.ActiveCfg = Release|Any CPU
		{232933E5-DC68-404D-83F1-519B42D3865B}.Ad-Hoc|iPhoneSimulator.ActiveCfg = Release|Any CPU
		{232933E5-DC68-404D-83F1-519B42D3865B}.Ad-Hoc|Mixed Platforms.ActiveCfg = Release|x86
		{232933E5-DC68-404D-83F1-519B42D3865B}.Ad-Hoc|Mixed Platforms.Build.0 = Release|x86
		{232933E5-DC68-404D-83F1-519B42D3865B}.Ad-Hoc|Mixed Platforms.Deploy.0 = Release|x86
		{232933E5-DC68-404D-83F1-519B42D3865B}.Ad-Hoc|x86.ActiveCfg = Release|x86
		{232933E5-DC68-404D-83F1-519B42D3865B}.Ad-Hoc|x86.Build.0 = Release|x86
		{232933E5-DC68-404D-83F1-519B42D3865B}.Ad-Hoc|x86.Deploy.0 = Release|x86
		{232933E5-DC68-404D-83F1-519B42D3865B}.AppStore|Any CPU.ActiveCfg = Release|Any CPU
		{232933E5-DC68-404D-83F1-519B42D3865B}.AppStore|Any CPU.Build.0 = Release|Any CPU
		{232933E5-DC68-404D-83F1-519B42D3865B}.AppStore|Any CPU.Deploy.0 = Release|Any CPU
		{232933E5-DC68-404D-83F1-519B42D3865B}.AppStore|ARM.ActiveCfg = Release|ARM
		{232933E5-DC68-404D-83F1-519B42D3865B}.AppStore|ARM.Build.0 = Release|ARM
		{232933E5-DC68-404D-83F1-519B42D3865B}.AppStore|ARM.Deploy.0 = Release|ARM
		{232933E5-DC68-404D-83F1-519B42D3865B}.AppStore|iPhone.ActiveCfg = Release|Any CPU
		{232933E5-DC68-404D-83F1-519B42D3865B}.AppStore|iPhoneSimulator.ActiveCfg = Release|Any CPU
		{232933E5-DC68-404D-83F1-519B42D3865B}.AppStore|Mixed Platforms.ActiveCfg = Release|x86
		{232933E5-DC68-404D-83F1-519B42D3865B}.AppStore|Mixed Platforms.Build.0 = Release|x86
		{232933E5-DC68-404D-83F1-519B42D3865B}.AppStore|Mixed Platforms.Deploy.0 = Release|x86
		{232933E5-DC68-404D-83F1-519B42D3865B}.AppStore|x86.ActiveCfg = Release|x86
		{232933E5-DC68-404D-83F1-519B42D3865B}.AppStore|x86.Build.0 = Release|x86
		{232933E5-DC68-404D-83F1-519B42D3865B}.AppStore|x86.Deploy.0 = Release|x86
		{232933E5-DC68-404D-83F1-519B42D3865B}.Debug|Any CPU.ActiveCfg = Debug|Any CPU
		{232933E5-DC68-404D-83F1-519B42D3865B}.Debug|Any CPU.Build.0 = Debug|Any CPU
		{232933E5-DC68-404D-83F1-519B42D3865B}.Debug|Any CPU.Deploy.0 = Debug|Any CPU
		{232933E5-DC68-404D-83F1-519B42D3865B}.Debug|ARM.ActiveCfg = Debug|ARM
		{232933E5-DC68-404D-83F1-519B42D3865B}.Debug|ARM.Build.0 = Debug|ARM
		{232933E5-DC68-404D-83F1-519B42D3865B}.Debug|ARM.Deploy.0 = Debug|ARM
		{232933E5-DC68-404D-83F1-519B42D3865B}.Debug|iPhone.ActiveCfg = Debug|Any CPU
		{232933E5-DC68-404D-83F1-519B42D3865B}.Debug|iPhoneSimulator.ActiveCfg = Debug|Any CPU
		{232933E5-DC68-404D-83F1-519B42D3865B}.Debug|Mixed Platforms.ActiveCfg = Debug|x86
		{232933E5-DC68-404D-83F1-519B42D3865B}.Debug|Mixed Platforms.Build.0 = Debug|x86
		{232933E5-DC68-404D-83F1-519B42D3865B}.Debug|Mixed Platforms.Deploy.0 = Debug|x86
		{232933E5-DC68-404D-83F1-519B42D3865B}.Debug|x86.ActiveCfg = Debug|x86
		{232933E5-DC68-404D-83F1-519B42D3865B}.Debug|x86.Build.0 = Debug|x86
		{232933E5-DC68-404D-83F1-519B42D3865B}.Debug|x86.Deploy.0 = Debug|x86
		{232933E5-DC68-404D-83F1-519B42D3865B}.Release|Any CPU.ActiveCfg = Release|Any CPU
		{232933E5-DC68-404D-83F1-519B42D3865B}.Release|Any CPU.Build.0 = Release|Any CPU
		{232933E5-DC68-404D-83F1-519B42D3865B}.Release|Any CPU.Deploy.0 = Release|Any CPU
		{232933E5-DC68-404D-83F1-519B42D3865B}.Release|ARM.ActiveCfg = Release|ARM
		{232933E5-DC68-404D-83F1-519B42D3865B}.Release|ARM.Build.0 = Release|ARM
		{232933E5-DC68-404D-83F1-519B42D3865B}.Release|ARM.Deploy.0 = Release|ARM
		{232933E5-DC68-404D-83F1-519B42D3865B}.Release|iPhone.ActiveCfg = Release|Any CPU
		{232933E5-DC68-404D-83F1-519B42D3865B}.Release|iPhoneSimulator.ActiveCfg = Release|Any CPU
		{232933E5-DC68-404D-83F1-519B42D3865B}.Release|Mixed Platforms.ActiveCfg = Release|x86
		{232933E5-DC68-404D-83F1-519B42D3865B}.Release|Mixed Platforms.Build.0 = Release|x86
		{232933E5-DC68-404D-83F1-519B42D3865B}.Release|Mixed Platforms.Deploy.0 = Release|x86
		{232933E5-DC68-404D-83F1-519B42D3865B}.Release|x86.ActiveCfg = Release|x86
		{232933E5-DC68-404D-83F1-519B42D3865B}.Release|x86.Build.0 = Release|x86
		{232933E5-DC68-404D-83F1-519B42D3865B}.Release|x86.Deploy.0 = Release|x86
		{B2B2F0C9-E427-40E9-AFC0-2E052AAA1181}.Ad-Hoc|Any CPU.ActiveCfg = Ad-Hoc|iPhone
		{B2B2F0C9-E427-40E9-AFC0-2E052AAA1181}.Ad-Hoc|ARM.ActiveCfg = Ad-Hoc|iPhone
		{B2B2F0C9-E427-40E9-AFC0-2E052AAA1181}.Ad-Hoc|iPhone.ActiveCfg = Ad-Hoc|iPhone
		{B2B2F0C9-E427-40E9-AFC0-2E052AAA1181}.Ad-Hoc|iPhone.Build.0 = Ad-Hoc|iPhone
		{B2B2F0C9-E427-40E9-AFC0-2E052AAA1181}.Ad-Hoc|iPhoneSimulator.ActiveCfg = Ad-Hoc|iPhoneSimulator
		{B2B2F0C9-E427-40E9-AFC0-2E052AAA1181}.Ad-Hoc|iPhoneSimulator.Build.0 = Ad-Hoc|iPhoneSimulator
		{B2B2F0C9-E427-40E9-AFC0-2E052AAA1181}.Ad-Hoc|Mixed Platforms.ActiveCfg = Ad-Hoc|iPhone
		{B2B2F0C9-E427-40E9-AFC0-2E052AAA1181}.Ad-Hoc|Mixed Platforms.Build.0 = Ad-Hoc|iPhone
		{B2B2F0C9-E427-40E9-AFC0-2E052AAA1181}.Ad-Hoc|x86.ActiveCfg = Ad-Hoc|iPhone
		{B2B2F0C9-E427-40E9-AFC0-2E052AAA1181}.AppStore|Any CPU.ActiveCfg = AppStore|iPhone
		{B2B2F0C9-E427-40E9-AFC0-2E052AAA1181}.AppStore|ARM.ActiveCfg = AppStore|iPhone
		{B2B2F0C9-E427-40E9-AFC0-2E052AAA1181}.AppStore|iPhone.ActiveCfg = AppStore|iPhone
		{B2B2F0C9-E427-40E9-AFC0-2E052AAA1181}.AppStore|iPhone.Build.0 = AppStore|iPhone
		{B2B2F0C9-E427-40E9-AFC0-2E052AAA1181}.AppStore|iPhoneSimulator.ActiveCfg = AppStore|iPhoneSimulator
		{B2B2F0C9-E427-40E9-AFC0-2E052AAA1181}.AppStore|iPhoneSimulator.Build.0 = AppStore|iPhoneSimulator
		{B2B2F0C9-E427-40E9-AFC0-2E052AAA1181}.AppStore|Mixed Platforms.ActiveCfg = AppStore|iPhone
		{B2B2F0C9-E427-40E9-AFC0-2E052AAA1181}.AppStore|Mixed Platforms.Build.0 = AppStore|iPhone
		{B2B2F0C9-E427-40E9-AFC0-2E052AAA1181}.AppStore|x86.ActiveCfg = AppStore|iPhone
		{B2B2F0C9-E427-40E9-AFC0-2E052AAA1181}.Debug|Any CPU.ActiveCfg = Debug|iPhone
		{B2B2F0C9-E427-40E9-AFC0-2E052AAA1181}.Debug|ARM.ActiveCfg = Debug|iPhone
		{B2B2F0C9-E427-40E9-AFC0-2E052AAA1181}.Debug|iPhone.ActiveCfg = Debug|iPhone
		{B2B2F0C9-E427-40E9-AFC0-2E052AAA1181}.Debug|iPhone.Build.0 = Debug|iPhone
		{B2B2F0C9-E427-40E9-AFC0-2E052AAA1181}.Debug|iPhoneSimulator.ActiveCfg = Debug|iPhoneSimulator
		{B2B2F0C9-E427-40E9-AFC0-2E052AAA1181}.Debug|iPhoneSimulator.Build.0 = Debug|iPhoneSimulator
		{B2B2F0C9-E427-40E9-AFC0-2E052AAA1181}.Debug|Mixed Platforms.ActiveCfg = Debug|iPhone
		{B2B2F0C9-E427-40E9-AFC0-2E052AAA1181}.Debug|Mixed Platforms.Build.0 = Debug|iPhone
		{B2B2F0C9-E427-40E9-AFC0-2E052AAA1181}.Debug|x86.ActiveCfg = Debug|iPhone
		{B2B2F0C9-E427-40E9-AFC0-2E052AAA1181}.Release|Any CPU.ActiveCfg = Release|iPhone
		{B2B2F0C9-E427-40E9-AFC0-2E052AAA1181}.Release|ARM.ActiveCfg = Release|iPhone
		{B2B2F0C9-E427-40E9-AFC0-2E052AAA1181}.Release|iPhone.ActiveCfg = Release|iPhone
		{B2B2F0C9-E427-40E9-AFC0-2E052AAA1181}.Release|iPhone.Build.0 = Release|iPhone
		{B2B2F0C9-E427-40E9-AFC0-2E052AAA1181}.Release|iPhoneSimulator.ActiveCfg = Release|iPhoneSimulator
		{B2B2F0C9-E427-40E9-AFC0-2E052AAA1181}.Release|iPhoneSimulator.Build.0 = Release|iPhoneSimulator
		{B2B2F0C9-E427-40E9-AFC0-2E052AAA1181}.Release|Mixed Platforms.ActiveCfg = Release|iPhone
		{B2B2F0C9-E427-40E9-AFC0-2E052AAA1181}.Release|Mixed Platforms.Build.0 = Release|iPhone
		{B2B2F0C9-E427-40E9-AFC0-2E052AAA1181}.Release|x86.ActiveCfg = Release|iPhone
		{CC4D036D-F933-4124-8828-C8E72E3218A4}.Ad-Hoc|Any CPU.ActiveCfg = Release|Any CPU
		{CC4D036D-F933-4124-8828-C8E72E3218A4}.Ad-Hoc|Any CPU.Build.0 = Release|Any CPU
		{CC4D036D-F933-4124-8828-C8E72E3218A4}.Ad-Hoc|Any CPU.Deploy.0 = Release|Any CPU
		{CC4D036D-F933-4124-8828-C8E72E3218A4}.Ad-Hoc|ARM.ActiveCfg = Release|Any CPU
		{CC4D036D-F933-4124-8828-C8E72E3218A4}.Ad-Hoc|iPhone.ActiveCfg = Release|Any CPU
		{CC4D036D-F933-4124-8828-C8E72E3218A4}.Ad-Hoc|iPhoneSimulator.ActiveCfg = Release|Any CPU
		{CC4D036D-F933-4124-8828-C8E72E3218A4}.Ad-Hoc|Mixed Platforms.ActiveCfg = Release|Any CPU
		{CC4D036D-F933-4124-8828-C8E72E3218A4}.Ad-Hoc|Mixed Platforms.Build.0 = Release|Any CPU
		{CC4D036D-F933-4124-8828-C8E72E3218A4}.Ad-Hoc|Mixed Platforms.Deploy.0 = Release|Any CPU
		{CC4D036D-F933-4124-8828-C8E72E3218A4}.Ad-Hoc|x86.ActiveCfg = Release|Any CPU
		{CC4D036D-F933-4124-8828-C8E72E3218A4}.AppStore|Any CPU.ActiveCfg = Release|Any CPU
		{CC4D036D-F933-4124-8828-C8E72E3218A4}.AppStore|Any CPU.Build.0 = Release|Any CPU
		{CC4D036D-F933-4124-8828-C8E72E3218A4}.AppStore|Any CPU.Deploy.0 = Release|Any CPU
		{CC4D036D-F933-4124-8828-C8E72E3218A4}.AppStore|ARM.ActiveCfg = Release|Any CPU
		{CC4D036D-F933-4124-8828-C8E72E3218A4}.AppStore|iPhone.ActiveCfg = Release|Any CPU
		{CC4D036D-F933-4124-8828-C8E72E3218A4}.AppStore|iPhoneSimulator.ActiveCfg = Release|Any CPU
		{CC4D036D-F933-4124-8828-C8E72E3218A4}.AppStore|Mixed Platforms.ActiveCfg = Release|Any CPU
		{CC4D036D-F933-4124-8828-C8E72E3218A4}.AppStore|Mixed Platforms.Build.0 = Release|Any CPU
		{CC4D036D-F933-4124-8828-C8E72E3218A4}.AppStore|Mixed Platforms.Deploy.0 = Release|Any CPU
		{CC4D036D-F933-4124-8828-C8E72E3218A4}.AppStore|x86.ActiveCfg = Release|Any CPU
		{CC4D036D-F933-4124-8828-C8E72E3218A4}.Debug|Any CPU.ActiveCfg = Debug|Any CPU
		{CC4D036D-F933-4124-8828-C8E72E3218A4}.Debug|Any CPU.Build.0 = Debug|Any CPU
		{CC4D036D-F933-4124-8828-C8E72E3218A4}.Debug|Any CPU.Deploy.0 = Debug|Any CPU
		{CC4D036D-F933-4124-8828-C8E72E3218A4}.Debug|ARM.ActiveCfg = Debug|Any CPU
		{CC4D036D-F933-4124-8828-C8E72E3218A4}.Debug|iPhone.ActiveCfg = Debug|Any CPU
		{CC4D036D-F933-4124-8828-C8E72E3218A4}.Debug|iPhoneSimulator.ActiveCfg = Debug|Any CPU
		{CC4D036D-F933-4124-8828-C8E72E3218A4}.Debug|Mixed Platforms.ActiveCfg = Debug|Any CPU
		{CC4D036D-F933-4124-8828-C8E72E3218A4}.Debug|Mixed Platforms.Build.0 = Debug|Any CPU
		{CC4D036D-F933-4124-8828-C8E72E3218A4}.Debug|Mixed Platforms.Deploy.0 = Debug|Any CPU
		{CC4D036D-F933-4124-8828-C8E72E3218A4}.Debug|x86.ActiveCfg = Debug|Any CPU
		{CC4D036D-F933-4124-8828-C8E72E3218A4}.Release|Any CPU.ActiveCfg = Release|Any CPU
		{CC4D036D-F933-4124-8828-C8E72E3218A4}.Release|Any CPU.Build.0 = Release|Any CPU
		{CC4D036D-F933-4124-8828-C8E72E3218A4}.Release|Any CPU.Deploy.0 = Release|Any CPU
		{CC4D036D-F933-4124-8828-C8E72E3218A4}.Release|ARM.ActiveCfg = Release|Any CPU
		{CC4D036D-F933-4124-8828-C8E72E3218A4}.Release|iPhone.ActiveCfg = Release|Any CPU
		{CC4D036D-F933-4124-8828-C8E72E3218A4}.Release|iPhoneSimulator.ActiveCfg = Release|Any CPU
		{CC4D036D-F933-4124-8828-C8E72E3218A4}.Release|Mixed Platforms.ActiveCfg = Release|Any CPU
		{CC4D036D-F933-4124-8828-C8E72E3218A4}.Release|Mixed Platforms.Build.0 = Release|Any CPU
		{CC4D036D-F933-4124-8828-C8E72E3218A4}.Release|Mixed Platforms.Deploy.0 = Release|Any CPU
		{CC4D036D-F933-4124-8828-C8E72E3218A4}.Release|x86.ActiveCfg = Release|Any CPU
	EndGlobalSection
	GlobalSection(SolutionProperties) = preSolution
		HideSolutionNode = FALSE
	EndGlobalSection
EndGlobal
